
Microsoft Visual Studio Solution File, Format Version 12.00
# Visual Studio 14
VisualStudioVersion = 14.0.25123.0
MinimumVisualStudioVersion = 10.0.40219.1
Project("{FAE04EC0-301F-11D3-BF4B-00C04F79EFBC}") = "SuggestFree_ASPNET", "SuggestFree_ASPNET\SuggestFree_ASPNET.csproj", "{FA30FD2F-92BB-4E2A-815A-5DB30699CCCC}"
EndProject
Global
	GlobalSection(SolutionConfigurationPlatforms) = preSolution
		Debug|Any CPU = Debug|Any CPU
		Release|Any CPU = Release|Any CPU
	EndGlobalSection
	GlobalSection(ProjectConfigurationPlatforms) = postSolution
		{FA30FD2F-92BB-4E2A-815A-5DB30699CCCC}.Debug|Any CPU.ActiveCfg = Debug|Any CPU
		{FA30FD2F-92BB-4E2A-815A-5DB30699CCCC}.Debug|Any CPU.Build.0 = Debug|Any CPU
		{FA30FD2F-92BB-4E2A-815A-5DB30699CCCC}.Release|Any CPU.ActiveCfg = Release|Any CPU
		{FA30FD2F-92BB-4E2A-815A-5DB30699CCCC}.Release|Any CPU.Build.0 = Release|Any CPU
	EndGlobalSection
	GlobalSection(SolutionProperties) = preSolution
		HideSolutionNode = FALSE
	EndGlobalSection
EndGlobal
